
Microsoft Visual Studio Solution File, Format Version 12.00
# Visual Studio Version 17
VisualStudioVersion = 17.14.37328.6
MinimumVisualStudioVersion = 10.0.40219.1
Project("{54A90642-561A-4BB1-A94E-469ADEE60C69}") = "smartpackagelocker.client", "smartpackagelocker.client\smartpackagelocker.client.esproj", "{10EDA556-D33C-0C18-580F-5B2BDDC631B4}"
EndProject
Project("{FAE04EC0-301F-11D3-BF4B-00C04F79EFBC}") = "SmartPackageLocker.Server", "SmartPackageLocker.Server\SmartPackageLocker.Server.csproj", "{B5E00AC0-F656-458B-948D-AFA91F19DEBE}"
EndProject
Project("{2150E333-8FDC-42A3-9474-1A3956D46DE8}") = "Solution Items", "Solution Items", "{8EC462FD-D22E-90A8-E5CE-7E832BA40C5D}"
	ProjectSection(SolutionItems) = preProject
		Readme.md = Readme.md
	EndProjectSection
EndProject
Global
	GlobalSection(SolutionConfigurationPlatforms) = preSolution
		Debug|Any CPU = Debug|Any CPU
		Release|Any CPU = Release|Any CPU
	EndGlobalSection
	GlobalSection(ProjectConfigurationPlatforms) = postSolution
		{10EDA556-D33C-0C18-580F-5B2BDDC631B4}.Debug|Any CPU.ActiveCfg = Debug|Any CPU
		{10EDA556-D33C-0C18-580F-5B2BDDC631B4}.Debug|Any CPU.Build.0 = Debug|Any CPU
		{10EDA556-D33C-0C18-580F-5B2BDDC631B4}.Debug|Any CPU.Deploy.0 = Debug|Any CPU
		{10EDA556-D33C-0C18-580F-5B2BDDC631B4}.Release|Any CPU.ActiveCfg = Release|Any CPU
		{10EDA556-D33C-0C18-580F-5B2BDDC631B4}.Release|Any CPU.Build.0 = Release|Any CPU
		{10EDA556-D33C-0C18-580F-5B2BDDC631B4}.Release|Any CPU.Deploy.0 = Release|Any CPU
		{B5E00AC0-F656-458B-948D-AFA91F19DEBE}.Debug|Any CPU.ActiveCfg = Debug|Any CPU
		{B5E00AC0-F656-458B-948D-AFA91F19DEBE}.Debug|Any CPU.Build.0 = Debug|Any CPU
		{B5E00AC0-F656-458B-948D-AFA91F19DEBE}.Release|Any CPU.ActiveCfg = Release|Any CPU
		{B5E00AC0-F656-458B-948D-AFA91F19DEBE}.Release|Any CPU.Build.0 = Release|Any CPU
	EndGlobalSection
	GlobalSection(SolutionProperties) = preSolution
		HideSolutionNode = FALSE
	EndGlobalSection
	GlobalSection(ExtensibilityGlobals) = postSolution
		SolutionGuid = {F27D1B40-89F6-4E06-9183-851499D8B5F0}
	EndGlobalSection
EndGlobal
